
Microsoft Visual Studio Solution File, Format Version 12.00
# Visual Studio Version 16
VisualStudioVersion = 16.0.32228.343
MinimumVisualStudioVersion = 10.0.40219.1
Project("{FAE04EC0-301F-11D3-BF4B-00C04F79EFBC}") = "CppyGroupPlugin", "CppyGroupPlugin\CppyGroupPlugin.csproj", "{7DD449E0-AAC7-4DCB-81AC-4B6AB457DCA8}"
EndProject
Global
	GlobalSection(SolutionConfigurationPlatforms) = preSolution
		Debug|Any CPU = Debug|Any CPU
		Release|Any CPU = Release|Any CPU
	EndGlobalSection
	GlobalSection(ProjectConfigurationPlatforms) = postSolution
		{7DD449E0-AAC7-4DCB-81AC-4B6AB457DCA8}.Debug|Any CPU.ActiveCfg = Debug|Any CPU
		{7DD449E0-AAC7-4DCB-81AC-4B6AB457DCA8}.Debug|Any CPU.Build.0 = Debug|Any CPU
		{7DD449E0-AAC7-4DCB-81AC-4B6AB457DCA8}.Release|Any CPU.ActiveCfg = Release|Any CPU
		{7DD449E0-AAC7-4DCB-81AC-4B6AB457DCA8}.Release|Any CPU.Build.0 = Release|Any CPU
	EndGlobalSection
	GlobalSection(SolutionProperties) = preSolution
		HideSolutionNode = FALSE
	EndGlobalSection
	GlobalSection(ExtensibilityGlobals) = postSolution
		SolutionGuid = {4BD02E9B-19E3-4F23-AF4A-ABAB48BE17D7}
	EndGlobalSection
EndGlobal
